
Microsoft Visual Studio Solution File, Format Version 12.00
# Visual Studio Version 16
VisualStudioVersion = 16.0.29403.142
MinimumVisualStudioVersion = 10.0.40219.1
Project("{FAE04EC0-301F-11D3-BF4B-00C04F79EFBC}") = "ExamenPersona.Android", "ExamenPersona.Android\ExamenPersona.Android.csproj", "{C1DDD96A-3D31-456F-AE5A-E33B37B85FB0}"
EndProject
Project("{FAE04EC0-301F-11D3-BF4B-00C04F79EFBC}") = "ExamenPersona.iOS", "ExamenPersona.iOS\ExamenPersona.iOS.csproj", "{78EE9A93-F950-48C7-89B7-6ABF049B9341}"
EndProject
Project("{FAE04EC0-301F-11D3-BF4B-00C04F79EFBC}") = "ExamenPersona", "ExamenPersona\ExamenPersona.csproj", "{89C2822F-9E81-468F-B58C-16B5885EB4B7}"
EndProject
Global
	GlobalSection(SolutionConfigurationPlatforms) = preSolution
		Debug|Any CPU = Debug|Any CPU
		Debug|iPhone = Debug|iPhone
		Debug|iPhoneSimulator = Debug|iPhoneSimulator
		Release|Any CPU = Release|Any CPU
		Release|iPhone = Release|iPhone
		Release|iPhoneSimulator = Release|iPhoneSimulator
	EndGlobalSection
	GlobalSection(ProjectConfigurationPlatforms) = postSolution
		{C1DDD96A-3D31-456F-AE5A-E33B37B85FB0}.Debug|Any CPU.ActiveCfg = Debug|Any CPU
		{C1DDD96A-3D31-456F-AE5A-E33B37B85FB0}.Debug|Any CPU.Build.0 = Debug|Any CPU
		{C1DDD96A-3D31-456F-AE5A-E33B37B85FB0}.Debug|Any CPU.Deploy.0 = Debug|Any CPU
		{C1DDD96A-3D31-456F-AE5A-E33B37B85FB0}.Debug|iPhone.ActiveCfg = Debug|Any CPU
		{C1DDD96A-3D31-456F-AE5A-E33B37B85FB0}.Debug|iPhone.Build.0 = Debug|Any CPU
		{C1DDD96A-3D31-456F-AE5A-E33B37B85FB0}.Debug|iPhone.Deploy.0 = Debug|Any CPU
		{C1DDD96A-3D31-456F-AE5A-E33B37B85FB0}.Debug|iPhoneSimulator.ActiveCfg = Debug|Any CPU
		{C1DDD96A-3D31-456F-AE5A-E33B37B85FB0}.Debug|iPhoneSimulator.Build.0 = Debug|Any CPU
		{C1DDD96A-3D31-456F-AE5A-E33B37B85FB0}.Debug|iPhoneSimulator.Deploy.0 = Debug|Any CPU
		{C1DDD96A-3D31-456F-AE5A-E33B37B85FB0}.Release|Any CPU.ActiveCfg = Release|Any CPU
		{C1DDD96A-3D31-456F-AE5A-E33B37B85FB0}.Release|Any CPU.Build.0 = Release|Any CPU
		{C1DDD96A-3D31-456F-AE5A-E33B37B85FB0}.Release|Any CPU.Deploy.0 = Release|Any CPU
		{C1DDD96A-3D31-456F-AE5A-E33B37B85FB0}.Release|iPhone.ActiveCfg = Release|Any CPU
		{C1DDD96A-3D31-456F-AE5A-E33B37B85FB0}.Release|iPhone.Build.0 = Release|Any CPU
		{C1DDD96A-3D31-456F-AE5A-E33B37B85FB0}.Release|iPhone.Deploy.0 = Release|Any CPU
		{C1DDD96A-3D31-456F-AE5A-E33B37B85FB0}.Release|iPhoneSimulator.ActiveCfg = Release|Any CPU
		{C1DDD96A-3D31-456F-AE5A-E33B37B85FB0}.Release|iPhoneSimulator.Build.0 = Release|Any CPU
		{C1DDD96A-3D31-456F-AE5A-E33B37B85FB0}.Release|iPhoneSimulator.Deploy.0 = Release|Any CPU
		{78EE9A93-F950-48C7-89B7-6ABF049B9341}.Debug|Any CPU.ActiveCfg = Debug|iPhoneSimulator
		{78EE9A93-F950-48C7-89B7-6ABF049B9341}.Debug|Any CPU.Build.0 = Debug|iPhoneSimulator
		{78EE9A93-F950-48C7-89B7-6ABF049B9341}.Debug|Any CPU.Deploy.0 = Debug|iPhoneSimulator
		{78EE9A93-F950-48C7-89B7-6ABF049B9341}.Debug|iPhone.ActiveCfg = Debug|iPhone
		{78EE9A93-F950-48C7-89B7-6ABF049B9341}.Debug|iPhone.Build.0 = Debug|iPhone
		{78EE9A93-F950-48C7-89B7-6ABF049B9341}.Debug|iPhone.Deploy.0 = Debug|iPhone
		{78EE9A93-F950-48C7-89B7-6ABF049B9341}.Debug|iPhoneSimulator.ActiveCfg = Debug|iPhoneSimulator
		{78EE9A93-F950-48C7-89B7-6ABF049B9341}.Debug|iPhoneSimulator.Build.0 = Debug|iPhoneSimulator
		{78EE9A93-F950-48C7-89B7-6ABF049B9341}.Debug|iPhoneSimulator.Deploy.0 = Debug|iPhoneSimulator
		{78EE9A93-F950-48C7-89B7-6ABF049B9341}.Release|Any CPU.ActiveCfg = Release|iPhone
		{78EE9A93-F950-48C7-89B7-6ABF049B9341}.Release|Any CPU.Build.0 = Release|iPhone
		{78EE9A93-F950-48C7-89B7-6ABF049B9341}.Release|Any CPU.Deploy.0 = Release|iPhone
		{78EE9A93-F950-48C7-89B7-6ABF049B9341}.Release|iPhone.ActiveCfg = Release|iPhone
		{78EE9A93-F950-48C7-89B7-6ABF049B9341}.Release|iPhone.Build.0 = Release|iPhone
		{78EE9A93-F950-48C7-89B7-6ABF049B9341}.Release|iPhone.Deploy.0 = Release|iPhone
		{78EE9A93-F950-48C7-89B7-6ABF049B9341}.Release|iPhoneSimulator.ActiveCfg = Release|iPhoneSimulator
		{78EE9A93-F950-48C7-89B7-6ABF049B9341}.Release|iPhoneSimulator.Build.0 = Release|iPhoneSimulator
		{78EE9A93-F950-48C7-89B7-6ABF049B9341}.Release|iPhoneSimulator.Deploy.0 = Release|iPhoneSimulator
		{89C2822F-9E81-468F-B58C-16B5885EB4B7}.Debug|Any CPU.ActiveCfg = Debug|Any CPU
		{89C2822F-9E81-468F-B58C-16B5885EB4B7}.Debug|Any CPU.Build.0 = Debug|Any CPU
		{89C2822F-9E81-468F-B58C-16B5885EB4B7}.Debug|Any CPU.Deploy.0 = Debug|Any CPU
		{89C2822F-9E81-468F-B58C-16B5885EB4B7}.Debug|iPhone.ActiveCfg = Debug|Any CPU
		{89C2822F-9E81-468F-B58C-16B5885EB4B7}.Debug|iPhone.Build.0 = Debug|Any CPU
		{89C2822F-9E81-468F-B58C-16B5885EB4B7}.Debug|iPhone.Deploy.0 = Debug|Any CPU
		{89C2822F-9E81-468F-B58C-16B5885EB4B7}.Debug|iPhoneSimulator.ActiveCfg = Debug|Any CPU
		{89C2822F-9E81-468F-B58C-16B5885EB4B7}.Debug|iPhoneSimulator.Build.0 = Debug|Any CPU
		{89C2822F-9E81-468F-B58C-16B5885EB4B7}.Debug|iPhoneSimulator.Deploy.0 = Debug|Any CPU
		{89C2822F-9E81-468F-B58C-16B5885EB4B7}.Release|Any CPU.ActiveCfg = Release|Any CPU
		{89C2822F-9E81-468F-B58C-16B5885EB4B7}.Release|Any CPU.Build.0 = Release|Any CPU
		{89C2822F-9E81-468F-B58C-16B5885EB4B7}.Release|Any CPU.Deploy.0 = Release|Any CPU
		{89C2822F-9E81-468F-B58C-16B5885EB4B7}.Release|iPhone.ActiveCfg = Release|Any CPU
		{89C2822F-9E81-468F-B58C-16B5885EB4B7}.Release|iPhone.Build.0 = Release|Any CPU
		{89C2822F-9E81-468F-B58C-16B5885EB4B7}.Release|iPhone.Deploy.0 = Release|Any CPU
		{89C2822F-9E81-468F-B58C-16B5885EB4B7}.Release|iPhoneSimulator.ActiveCfg = Release|Any CPU
		{89C2822F-9E81-468F-B58C-16B5885EB4B7}.Release|iPhoneSimulator.Build.0 = Release|Any CPU
		{89C2822F-9E81-468F-B58C-16B5885EB4B7}.Release|iPhoneSimulator.Deploy.0 = Release|Any CPU
	EndGlobalSection
	GlobalSection(SolutionProperties) = preSolution
		HideSolutionNode = FALSE
	EndGlobalSection
	GlobalSection(ExtensibilityGlobals) = postSolution
		SolutionGuid = {8EB2C8CB-6B62-4551-AC87-CDB4A31226FA}
	EndGlobalSection
EndGlobal
